
Microsoft Visual Studio Solution File, Format Version 12.00
# Visual Studio Version 17
VisualStudioVersion = 17.7.34031.279
MinimumVisualStudioVersion = 10.0.40219.1
Project("{9A19103F-16F7-4668-BE54-9A1E7A4F7556}") = "ZZVMYW_HFT_2023241.Client", "ZZVMYW_HFT_2023241.Client\ZZVMYW_HFT_2023241.Client.csproj", "{A8A13AB1-1FC1-4815-B3C2-20CC890F6623}"
EndProject
Project("{9A19103F-16F7-4668-BE54-9A1E7A4F7556}") = "ZZVMYW_HFT_2023241.Models", "ZZVMYW_HFT_2023241.Models\ZZVMYW_HFT_2023241.Models.csproj", "{07D8DF21-5D35-4D85-8927-10CEAA16AA86}"
EndProject
Project("{9A19103F-16F7-4668-BE54-9A1E7A4F7556}") = "ZZVMYW_HFT_2023241.Logic", "ZZVMYW_HFT_2023241.Logic\ZZVMYW_HFT_2023241.Logic.csproj", "{E5D117FE-AA77-4E27-8EE8-A18ADDF0CD20}"
EndProject
Project("{9A19103F-16F7-4668-BE54-9A1E7A4F7556}") = "ZZVMYW_HFT_2023241.Repository", "ZZVMYW_HFT_2023241.Repository\ZZVMYW_HFT_2023241.Repository.csproj", "{6DB5FA5A-F079-4774-BA50-4BE145B7956E}"
EndProject
Project("{9A19103F-16F7-4668-BE54-9A1E7A4F7556}") = "ZZVMYW_HFT_2023241.Endpoint", "ZZVMYW_HFT_2023241.Endpoint\ZZVMYW_HFT_2023241.Endpoint.csproj", "{79EC3960-A202-4AE6-A70C-16D88490CE82}"
EndProject
Project("{2150E333-8FDC-42A3-9474-1A3956D46DE8}") = "Backend", "Backend", "{5DFDA502-F0F2-4BC6-8F8B-1ED9F93A4C8A}"
EndProject
Project("{2150E333-8FDC-42A3-9474-1A3956D46DE8}") = "Frontend", "Frontend", "{43CF7C48-18CD-4683-BA00-CD310DCAB4D0}"
EndProject
Project("{2150E333-8FDC-42A3-9474-1A3956D46DE8}") = "Shared", "Shared", "{FFC2902E-C96C-44CC-BFDB-DF781AC0ABCB}"
EndProject
Project("{9A19103F-16F7-4668-BE54-9A1E7A4F7556}") = "ZZVMYW_HFT_2023241.Test", "ZZVMYW_HFT_2023241.Test\ZZVMYW_HFT_2023241.Test.csproj", "{8BE7AAE2-D5BB-46A0-B47B-6C2309389620}"
EndProject
Project("{2150E333-8FDC-42A3-9474-1A3956D46DE8}") = "Others", "Others", "{FE5986EF-ED7C-4FFD-BA3B-88974A805E0A}"
	ProjectSection(SolutionItems) = preProject
		.gitignore = .gitignore
	EndProjectSection
EndProject
Project("{FAE04EC0-301F-11D3-BF4B-00C04F79EFBC}") = "ZZVMYW_SZTGUI_2023242.WpfClient", "ZZVMYW_SZTGUI_2023242.WpfClient\ZZVMYW_SZTGUI_2023242.WpfClient.csproj", "{61DA8507-1621-4AEC-A10F-B7C12D7E471C}"
EndProject
Project("{FAE04EC0-301F-11D3-BF4B-00C04F79EFBC}") = "ZZVMYW_SZTGUI_2023242.JSClient", "ZZVMYW_SZTGUI_2023242.JSClient\ZZVMYW_SZTGUI_2023242.JSClient.csproj", "{617F4CBA-3920-47C1-816E-4B4DFFE7E36C}"
EndProject
Global
	GlobalSection(SolutionConfigurationPlatforms) = preSolution
		Debug|Any CPU = Debug|Any CPU
		Release|Any CPU = Release|Any CPU
	EndGlobalSection
	GlobalSection(ProjectConfigurationPlatforms) = postSolution
		{A8A13AB1-1FC1-4815-B3C2-20CC890F6623}.Debug|Any CPU.ActiveCfg = Debug|Any CPU
		{A8A13AB1-1FC1-4815-B3C2-20CC890F6623}.Debug|Any CPU.Build.0 = Debug|Any CPU
		{A8A13AB1-1FC1-4815-B3C2-20CC890F6623}.Release|Any CPU.ActiveCfg = Release|Any CPU
		{A8A13AB1-1FC1-4815-B3C2-20CC890F6623}.Release|Any CPU.Build.0 = Release|Any CPU
		{07D8DF21-5D35-4D85-8927-10CEAA16AA86}.Debug|Any CPU.ActiveCfg = Debug|Any CPU
		{07D8DF21-5D35-4D85-8927-10CEAA16AA86}.Debug|Any CPU.Build.0 = Debug|Any CPU
		{07D8DF21-5D35-4D85-8927-10CEAA16AA86}.Release|Any CPU.ActiveCfg = Release|Any CPU
		{07D8DF21-5D35-4D85-8927-10CEAA16AA86}.Release|Any CPU.Build.0 = Release|Any CPU
		{E5D117FE-AA77-4E27-8EE8-A18ADDF0CD20}.Debug|Any CPU.ActiveCfg = Debug|Any CPU
		{E5D117FE-AA77-4E27-8EE8-A18ADDF0CD20}.Debug|Any CPU.Build.0 = Debug|Any CPU
		{E5D117FE-AA77-4E27-8EE8-A18ADDF0CD20}.Release|Any CPU.ActiveCfg = Release|Any CPU
		{E5D117FE-AA77-4E27-8EE8-A18ADDF0CD20}.Release|Any CPU.Build.0 = Release|Any CPU
		{6DB5FA5A-F079-4774-BA50-4BE145B7956E}.Debug|Any CPU.ActiveCfg = Debug|Any CPU
		{6DB5FA5A-F079-4774-BA50-4BE145B7956E}.Debug|Any CPU.Build.0 = Debug|Any CPU
		{6DB5FA5A-F079-4774-BA50-4BE145B7956E}.Release|Any CPU.ActiveCfg = Release|Any CPU
		{6DB5FA5A-F079-4774-BA50-4BE145B7956E}.Release|Any CPU.Build.0 = Release|Any CPU
		{79EC3960-A202-4AE6-A70C-16D88490CE82}.Debug|Any CPU.ActiveCfg = Debug|Any CPU
		{79EC3960-A202-4AE6-A70C-16D88490CE82}.Debug|Any CPU.Build.0 = Debug|Any CPU
		{79EC3960-A202-4AE6-A70C-16D88490CE82}.Release|Any CPU.ActiveCfg = Release|Any CPU
		{79EC3960-A202-4AE6-A70C-16D88490CE82}.Release|Any CPU.Build.0 = Release|Any CPU
		{8BE7AAE2-D5BB-46A0-B47B-6C2309389620}.Debug|Any CPU.ActiveCfg = Debug|Any CPU
		{8BE7AAE2-D5BB-46A0-B47B-6C2309389620}.Debug|Any CPU.Build.0 = Debug|Any CPU
		{8BE7AAE2-D5BB-46A0-B47B-6C2309389620}.Release|Any CPU.ActiveCfg = Release|Any CPU
		{8BE7AAE2-D5BB-46A0-B47B-6C2309389620}.Release|Any CPU.Build.0 = Release|Any CPU
		{61DA8507-1621-4AEC-A10F-B7C12D7E471C}.Debug|Any CPU.ActiveCfg = Debug|Any CPU
		{61DA8507-1621-4AEC-A10F-B7C12D7E471C}.Debug|Any CPU.Build.0 = Debug|Any CPU
		{61DA8507-1621-4AEC-A10F-B7C12D7E471C}.Release|Any CPU.ActiveCfg = Release|Any CPU
		{61DA8507-1621-4AEC-A10F-B7C12D7E471C}.Release|Any CPU.Build.0 = Release|Any CPU
		{617F4CBA-3920-47C1-816E-4B4DFFE7E36C}.Debug|Any CPU.ActiveCfg = Debug|Any CPU
		{617F4CBA-3920-47C1-816E-4B4DFFE7E36C}.Debug|Any CPU.Build.0 = Debug|Any CPU
		{617F4CBA-3920-47C1-816E-4B4DFFE7E36C}.Release|Any CPU.ActiveCfg = Release|Any CPU
		{617F4CBA-3920-47C1-816E-4B4DFFE7E36C}.Release|Any CPU.Build.0 = Release|Any CPU
	EndGlobalSection
	GlobalSection(SolutionProperties) = preSolution
		HideSolutionNode = FALSE
	EndGlobalSection
	GlobalSection(NestedProjects) = preSolution
		{A8A13AB1-1FC1-4815-B3C2-20CC890F6623} = {43CF7C48-18CD-4683-BA00-CD310DCAB4D0}
		{07D8DF21-5D35-4D85-8927-10CEAA16AA86} = {FFC2902E-C96C-44CC-BFDB-DF781AC0ABCB}
		{E5D117FE-AA77-4E27-8EE8-A18ADDF0CD20} = {5DFDA502-F0F2-4BC6-8F8B-1ED9F93A4C8A}
		{6DB5FA5A-F079-4774-BA50-4BE145B7956E} = {5DFDA502-F0F2-4BC6-8F8B-1ED9F93A4C8A}
		{79EC3960-A202-4AE6-A70C-16D88490CE82} = {5DFDA502-F0F2-4BC6-8F8B-1ED9F93A4C8A}
		{8BE7AAE2-D5BB-46A0-B47B-6C2309389620} = {5DFDA502-F0F2-4BC6-8F8B-1ED9F93A4C8A}
		{61DA8507-1621-4AEC-A10F-B7C12D7E471C} = {43CF7C48-18CD-4683-BA00-CD310DCAB4D0}
		{617F4CBA-3920-47C1-816E-4B4DFFE7E36C} = {43CF7C48-18CD-4683-BA00-CD310DCAB4D0}
	EndGlobalSection
	GlobalSection(ExtensibilityGlobals) = postSolution
		SolutionGuid = {238556F0-9566-4E4D-8744-6EED33C6BD97}
	EndGlobalSection
EndGlobal
